
Microsoft Visual Studio Solution File, Format Version 12.00
# Visual Studio Version 17
VisualStudioVersion = 17.6.33927.249
MinimumVisualStudioVersion = 10.0.40219.1
Project("{FAE04EC0-301F-11D3-BF4B-00C04F79EFBC}") = "ConstosoUniversityCodeFirst1", "ConstosoUniversityCodeFirst1.csproj", "{F8AAE0DD-8AD5-4A29-A0B0-349D59A9CF34}"
EndProject
Global
	GlobalSection(SolutionConfigurationPlatforms) = preSolution
		Debug|Any CPU = Debug|Any CPU
		Release|Any CPU = Release|Any CPU
	EndGlobalSection
	GlobalSection(ProjectConfigurationPlatforms) = postSolution
		{F8AAE0DD-8AD5-4A29-A0B0-349D59A9CF34}.Debug|Any CPU.ActiveCfg = Debug|Any CPU
		{F8AAE0DD-8AD5-4A29-A0B0-349D59A9CF34}.Debug|Any CPU.Build.0 = Debug|Any CPU
		{F8AAE0DD-8AD5-4A29-A0B0-349D59A9CF34}.Release|Any CPU.ActiveCfg = Release|Any CPU
		{F8AAE0DD-8AD5-4A29-A0B0-349D59A9CF34}.Release|Any CPU.Build.0 = Release|Any CPU
	EndGlobalSection
	GlobalSection(SolutionProperties) = preSolution
		HideSolutionNode = FALSE
	EndGlobalSection
	GlobalSection(ExtensibilityGlobals) = postSolution
		SolutionGuid = {59A9B22B-824F-4CA5-8D55-A99A5FFAA55B}
	EndGlobalSection
EndGlobal
